
Microsoft Visual Studio Solution File, Format Version 12.00
# Visual Studio Version 16
VisualStudioVersion = 16.0.808.3
MinimumVisualStudioVersion = 10.0.40219.1
Project("{FAE04EC0-301F-11D3-BF4B-00C04F79EFBC}") = "ConsoleInputOutput", "ConsoleInputOutput\ConsoleInputOutput.csproj", "{AC8EB3CD-1F7A-4F95-A14C-C774EDD0A27C}"
EndProject
Global
	GlobalSection(SolutionConfigurationPlatforms) = preSolution
		Debug|Any CPU = Debug|Any CPU
		Release|Any CPU = Release|Any CPU
	EndGlobalSection
	GlobalSection(ProjectConfigurationPlatforms) = postSolution
		{AC8EB3CD-1F7A-4F95-A14C-C774EDD0A27C}.Debug|Any CPU.ActiveCfg = Debug|Any CPU
		{AC8EB3CD-1F7A-4F95-A14C-C774EDD0A27C}.Debug|Any CPU.Build.0 = Debug|Any CPU
		{AC8EB3CD-1F7A-4F95-A14C-C774EDD0A27C}.Release|Any CPU.ActiveCfg = Release|Any CPU
		{AC8EB3CD-1F7A-4F95-A14C-C774EDD0A27C}.Release|Any CPU.Build.0 = Release|Any CPU
	EndGlobalSection
	GlobalSection(SolutionProperties) = preSolution
		HideSolutionNode = FALSE
	EndGlobalSection
	GlobalSection(ExtensibilityGlobals) = postSolution
		SolutionGuid = {0170D26E-0C81-4097-833B-2B6502C437BF}
	EndGlobalSection
EndGlobal
